// !$*UTF8*$!
{
	archiveVersion = 1;
	classes = {
	};
	objectVersion = 56;
	objects = {

/* Begin PBXBuildFile section */
		3E7790652AB72B0200B1972E /* Executive_TImerApp.swift in Sources */ = {isa = PBXBuildFile; fileRef = 3E7790642AB72B0200B1972E /* Executive_TImerApp.swift */; };
		3E7790672AB72B0200B1972E /* ContentView.swift in Sources */ = {isa = PBXBuildFile; fileRef = 3E7790662AB72B0200B1972E /* ContentView.swift */; };
		3E7790692AB72B0300B1972E /* Assets.xcassets in Resources */ = {isa = PBXBuildFile; fileRef = 3E7790682AB72B0300B1972E /* Assets.xcassets */; };
		3E77906D2AB72B0300B1972E /* Preview Assets.xcassets in Resources */ = {isa = PBXBuildFile; fileRef = 3E77906C2AB72B0300B1972E /* Preview Assets.xcassets */; };
		3E7790772AB72B0300B1972E /* Executive_TImerTests.swift in Sources */ = {isa = PBXBuildFile; fileRef = 3E7790762AB72B0300B1972E /* Executive_TImerTests.swift */; };
		3E7790812AB72B0300B1972E /* Executive_TImerUITests.swift in Sources */ = {isa = PBXBuildFile; fileRef = 3E7790802AB72B0300B1972E /* Executive_TImerUITests.swift */; };
		3E7790832AB72B0300B1972E /* Executive_TImerUITestsLaunchTests.swift in Sources */ = {isa = PBXBuildFile; fileRef = 3E7790822AB72B0300B1972E /* Executive_TImerUITestsLaunchTests.swift */; };
/* End PBXBuildFile section */

/* Begin PBXContainerItemProxy section */
		3E7790732AB72B0300B1972E /* PBXContainerItemProxy */ = {
			isa = PBXContainerItemProxy;
			containerPortal = 3E7790592AB72B0200B1972E /* Project object */;
			proxyType = 1;
			remoteGlobalIDString = 3E7790602AB72B0200B1972E;
			remoteInfo = "Executive TImer";
		};
		3E77907D2AB72B0300B1972E /* PBXContainerItemProxy */ = {
			isa = PBXContainerItemProxy;
			containerPortal = 3E7790592AB72B0200B1972E /* Project object */;
			proxyType = 1;
			remoteGlobalIDString = 3E7790602AB72B0200B1972E;
			remoteInfo = "Executive TImer";
		};
/* End PBXContainerItemProxy section */

/* Begin PBXFileReference section */
		3E7790612AB72B0200B1972E /* Executive TImer.app */ = {isa = PBXFileReference; explicitFileType = wrapper.application; includeInIndex = 0; path = "Executive TImer.app"; sourceTree = BUILT_PRODUCTS_DIR; };
		3E7790642AB72B0200B1972E /* Executive_TImerApp.swift */ = {isa = PBXFileReference; lastKnownFileType = sourcecode.swift; path = Executive_TImerApp.swift; sourceTree = "<group>"; };
		3E7790662AB72B0200B1972E /* ContentView.swift */ = {isa = PBXFileReference; lastKnownFileType = sourcecode.swift; path = ContentView.swift; sourceTree = "<group>"; };
		3E7790682AB72B0300B1972E /* Assets.xcassets */ = {isa = PBXFileReference; lastKnownFileType = folder.assetcatalog; path = Assets.xcassets; sourceTree = "<group>"; };
		3E77906A2AB72B0300B1972E /* Executive_TImer.entitlements */ = {isa = PBXFileReference; lastKnownFileType = text.plist.entitlements; path = Executive_TImer.entitlements; sourceTree = "<group>"; };
		3E77906C2AB72B0300B1972E /* Preview Assets.xcassets */ = {isa = PBXFileReference; lastKnownFileType = folder.assetcatalog; path = "Preview Assets.xcassets"; sourceTree = "<group>"; };
		3E7790722AB72B0300B1972E /* Executive TImerTests.xctest */ = {isa = PBXFileReference; explicitFileType = wrapper.cfbundle; includeInIndex = 0; path = "Executive TImerTests.xctest"; sourceTree = BUILT_PRODUCTS_DIR; };
		3E7790762AB72B0300B1972E /* Executive_TImerTests.swift */ = {isa = PBXFileReference; lastKnownFileType = sourcecode.swift; path = Executive_TImerTests.swift; sourceTree = "<group>"; };
		3E77907C2AB72B0300B1972E /* Executive TImerUITests.xctest */ = {isa = PBXFileReference; explicitFileType = wrapper.cfbundle; includeInIndex = 0; path = "Executive TImerUITests.xctest"; sourceTree = BUILT_PRODUCTS_DIR; };
		3E7790802AB72B0300B1972E /* Executive_TImerUITests.swift */ = {isa = PBXFileReference; lastKnownFileType = sourcecode.swift; path = Executive_TImerUITests.swift; sourceTree = "<group>"; };
		3E7790822AB72B0300B1972E /* Executive_TImerUITestsLaunchTests.swift */ = {isa = PBXFileReference; lastKnownFileType = sourcecode.swift; path = Executive_TImerUITestsLaunchTests.swift; sourceTree = "<group>"; };
/* End PBXFileReference section */

/* Begin PBXFrameworksBuildPhase section */
		3E77905E2AB72B0200B1972E /* Frameworks */ = {
			isa = PBXFrameworksBuildPhase;
			buildActionMask = 2147483647;
			files = (
			);
			runOnlyForDeploymentPostprocessing = 0;
		};
		3E77906F2AB72B0300B1972E /* Frameworks */ = {
			isa = PBXFrameworksBuildPhase;
			buildActionMask = 2147483647;
			files = (
			);
			runOnlyForDeploymentPostprocessing = 0;
		};
		3E7790792AB72B0300B1972E /* Frameworks */ = {
			isa = PBXFrameworksBuildPhase;
			buildActionMask = 2147483647;
			files = (
			);
			runOnlyForDeploymentPostprocessing = 0;
		};
/* End PBXFrameworksBuildPhase section */

/* Begin PBXGroup section */
		3E7790582AB72B0200B1972E = {
			isa = PBXGroup;
			children = (
				3E7790632AB72B0200B1972E /* Executive TImer */,
				3E7790752AB72B0300B1972E /* Executive TImerTests */,
				3E77907F2AB72B0300B1972E /* Executive TImerUITests */,
				3E7790622AB72B0200B1972E /* Products */,
			);
			sourceTree = "<group>";
		};
		3E7790622AB72B0200B1972E /* Products */ = {
			isa = PBXGroup;
			children = (
				3E7790612AB72B0200B1972E /* Executive TImer.app */,
				3E7790722AB72B0300B1972E /* Executive TImerTests.xctest */,
				3E77907C2AB72B0300B1972E /* Executive TImerUITests.xctest */,
			);
			name = Products;
			sourceTree = "<group>";
		};
		3E7790632AB72B0200B1972E /* Executive TImer */ = {
			isa = PBXGroup;
			children = (
				3E7790642AB72B0200B1972E /* Executive_TImerApp.swift */,
				3E7790662AB72B0200B1972E /* ContentView.swift */,
				3E7790682AB72B0300B1972E /* Assets.xcassets */,
				3E77906A2AB72B0300B1972E /* Executive_TImer.entitlements */,
				3E77906B2AB72B0300B1972E /* Preview Content */,
			);
			path = "Executive TImer";
			sourceTree = "<group>";
		};
		3E77906B2AB72B0300B1972E /* Preview Content */ = {
			isa = PBXGroup;
			children = (
				3E77906C2AB72B0300B1972E /* Preview Assets.xcassets */,
			);
			path = "Preview Content";
			sourceTree = "<group>";
		};
		3E7790752AB72B0300B1972E /* Executive TImerTests */ = {
			isa = PBXGroup;
			children = (
				3E7790762AB72B0300B1972E /* Executive_TImerTests.swift */,
			);
			path = "Executive TImerTests";
			sourceTree = "<group>";
		};
		3E77907F2AB72B0300B1972E /* Executive TImerUITests */ = {
			isa = PBXGroup;
			children = (
				3E7790802AB72B0300B1972E /* Executive_TImerUITests.swift */,
				3E7790822AB72B0300B1972E /* Executive_TImerUITestsLaunchTests.swift */,
			);
			path = "Executive TImerUITests";
			sourceTree = "<group>";
		};
/* End PBXGroup section */

/* Begin PBXNativeTarget section */
		3E7790602AB72B0200B1972E /* Executive TImer */ = {
			isa = PBXNativeTarget;
			buildConfigurationList = 3E7790862AB72B0300B1972E /* Build configuration list for PBXNativeTarget "Executive TImer" */;
			buildPhases = (
				3E77905D2AB72B0200B1972E /* Sources */,
				3E77905E2AB72B0200B1972E /* Frameworks */,
				3E77905F2AB72B0200B1972E /* Resources */,
			);
			buildRules = (
			);
			dependencies = (
			);
			name = "Executive TImer";
			productName = "Executive TImer";
			productReference = 3E7790612AB72B0200B1972E /* Executive TImer.app */;
			productType = "com.apple.product-type.application";
		};
		3E7790712AB72B0300B1972E /* Executive TImerTests */ = {
			isa = PBXNativeTarget;
			buildConfigurationList = 3E7790892AB72B0300B1972E /* Build configuration list for PBXNativeTarget "Executive TImerTests" */;
			buildPhases = (
				3E77906E2AB72B0300B1972E /* Sources */,
				3E77906F2AB72B0300B1972E /* Frameworks */,
				3E7790702AB72B0300B1972E /* Resources */,
			);
			buildRules = (
			);
			dependencies = (
				3E7790742AB72B0300B1972E /* PBXTargetDependency */,
			);
			name = "Executive TImerTests";
			productName = "Executive TImerTests";
			productReference = 3E7790722AB72B0300B1972E /* Executive TImerTests.xctest */;
			productType = "com.apple.product-type.bundle.unit-test";
		};
		3E77907B2AB72B0300B1972E /* Executive TImerUITests */ = {
			isa = PBXNativeTarget;
			buildConfigurationList = 3E77908C2AB72B0300B1972E /* Build configuration list for PBXNativeTarget "Executive TImerUITests" */;
			buildPhases = (
				3E7790782AB72B0300B1972E /* Sources */,
				3E7790792AB72B0300B1972E /* Frameworks */,
				3E77907A2AB72B0300B1972E /* Resources */,
			);
			buildRules = (
			);
			dependencies = (
				3E77907E2AB72B0300B1972E /* PBXTargetDependency */,
			);
			name = "Executive TImerUITests";
			productName = "Executive TImerUITests";
			productReference = 3E77907C2AB72B0300B1972E /* Executive TImerUITests.xctest */;
			productType = "com.apple.product-type.bundle.ui-testing";
		};
/* End PBXNativeTarget section */

/* Begin PBXProject section */
		3E7790592AB72B0200B1972E /* Project object */ = {
			isa = PBXProject;
			attributes = {
				BuildIndependentTargetsInParallel = 1;
				LastSwiftUpdateCheck = 1430;
				LastUpgradeCheck = 1430;
				TargetAttributes = {
					3E7790602AB72B0200B1972E = {
						CreatedOnToolsVersion = 14.3.1;
					};
					3E7790712AB72B0300B1972E = {
						CreatedOnToolsVersion = 14.3.1;
						TestTargetID = 3E7790602AB72B0200B1972E;
					};
					3E77907B2AB72B0300B1972E = {
						CreatedOnToolsVersion = 14.3.1;
						TestTargetID = 3E7790602AB72B0200B1972E;
					};
				};
			};
			buildConfigurationList = 3E77905C2AB72B0200B1972E /* Build configuration list for PBXProject "Executive TImer" */;
			compatibilityVersion = "Xcode 14.0";
			developmentRegion = en;
			hasScannedForEncodings = 0;
			knownRegions = (
				en,
				Base,
			);
			mainGroup = 3E7790582AB72B0200B1972E;
			productRefGroup = 3E7790622AB72B0200B1972E /* Products */;
			projectDirPath = "";
			projectRoot = "";
			targets = (
				3E7790602AB72B0200B1972E /* Executive TImer */,
				3E7790712AB72B0300B1972E /* Executive TImerTests */,
				3E77907B2AB72B0300B1972E /* Executive TImerUITests */,
			);
		};
/* End PBXProject section */

/* Begin PBXResourcesBuildPhase section */
		3E77905F2AB72B0200B1972E /* Resources */ = {
			isa = PBXResourcesBuildPhase;
			buildActionMask = 2147483647;
			files = (
				3E77906D2AB72B0300B1972E /* Preview Assets.xcassets in Resources */,
				3E7790692AB72B0300B1972E /* Assets.xcassets in Resources */,
			);
			runOnlyForDeploymentPostprocessing = 0;
		};
		3E7790702AB72B0300B1972E /* Resources */ = {
			isa = PBXResourcesBuildPhase;
			buildActionMask = 2147483647;
			files = (
			);
			runOnlyForDeploymentPostprocessing = 0;
		};
		3E77907A2AB72B0300B1972E /* Resources */ = {
			isa = PBXResourcesBuildPhase;
			buildActionMask = 2147483647;
			files = (
			);
			runOnlyForDeploymentPostprocessing = 0;
		};
/* End PBXResourcesBuildPhase section */

/* Begin PBXSourcesBuildPhase section */
		3E77905D2AB72B0200B1972E /* Sources */ = {
			isa = PBXSourcesBuildPhase;
			buildActionMask = 2147483647;
			files = (
				3E7790672AB72B0200B1972E /* ContentView.swift in Sources */,
				3E7790652AB72B0200B1972E /* Executive_TImerApp.swift in Sources */,
			);
			runOnlyForDeploymentPostprocessing = 0;
		};
		3E77906E2AB72B0300B1972E /* Sources */ = {
			isa = PBXSourcesBuildPhase;
			buildActionMask = 2147483647;
			files = (
				3E7790772AB72B0300B1972E /* Executive_TImerTests.swift in Sources */,
			);
			runOnlyForDeploymentPostprocessing = 0;
		};
		3E7790782AB72B0300B1972E /* Sources */ = {
			isa = PBXSourcesBuildPhase;
			buildActionMask = 2147483647;
			files = (
				3E7790812AB72B0300B1972E /* Executive_TImerUITests.swift in Sources */,
				3E7790832AB72B0300B1972E /* Executive_TImerUITestsLaunchTests.swift in Sources */,
			);
			runOnlyForDeploymentPostprocessing = 0;
		};
/* End PBXSourcesBuildPhase section */

/* Begin PBXTargetDependency section */
		3E7790742AB72B0300B1972E /* PBXTargetDependency */ = {
			isa = PBXTargetDependency;
			target = 3E7790602AB72B0200B1972E /* Executive TImer */;
			targetProxy = 3E7790732AB72B0300B1972E /* PBXContainerItemProxy */;
		};
		3E77907E2AB72B0300B1972E /* PBXTargetDependency */ = {
			isa = PBXTargetDependency;
			target = 3E7790602AB72B0200B1972E /* Executive TImer */;
			targetProxy = 3E77907D2AB72B0300B1972E /* PBXContainerItemProxy */;
		};
/* End PBXTargetDependency section */

/* Begin XCBuildConfiguration section */
		3E7790842AB72B0300B1972E /* Debug */ = {
			isa = XCBuildConfiguration;
			buildSettings = {
				ALWAYS_SEARCH_USER_PATHS = NO;
				CLANG_ANALYZER_NONNULL = YES;
				CLANG_ANALYZER_NUMBER_OBJECT_CONVERSION = YES_AGGRESSIVE;
				CLANG_CXX_LANGUAGE_STANDARD = "gnu++20";
				CLANG_ENABLE_MODULES = YES;
				CLANG_ENABLE_OBJC_ARC = YES;
				CLANG_ENABLE_OBJC_WEAK = YES;
				CLANG_WARN_BLOCK_CAPTURE_AUTORELEASING = YES;
				CLANG_WARN_BOOL_CONVERSION = YES;
				CLANG_WARN_COMMA = YES;
				CLANG_WARN_CONSTANT_CONVERSION = YES;
				CLANG_WARN_DEPRECATED_OBJC_IMPLEMENTATIONS = YES;
				CLANG_WARN_DIRECT_OBJC_ISA_USAGE = YES_ERROR;
				CLANG_WARN_DOCUMENTATION_COMMENTS = YES;
				CLANG_WARN_EMPTY_BODY = YES;
				CLANG_WARN_ENUM_CONVERSION = YES;
				CLANG_WARN_INFINITE_RECURSION = YES;
				CLANG_WARN_INT_CONVERSION = YES;
				CLANG_WARN_NON_LITERAL_NULL_CONVERSION = YES;
				CLANG_WARN_OBJC_IMPLICIT_RETAIN_SELF = YES;
				CLANG_WARN_OBJC_LITERAL_CONVERSION = YES;
				CLANG_WARN_OBJC_ROOT_CLASS = YES_ERROR;
				CLANG_WARN_QUOTED_INCLUDE_IN_FRAMEWORK_HEADER = YES;
				CLANG_WARN_RANGE_LOOP_ANALYSIS = YES;
				CLANG_WARN_STRICT_PROTOTYPES = YES;
				CLANG_WARN_SUSPICIOUS_MOVE = YES;
				CLANG_WARN_UNGUARDED_AVAILABILITY = YES_AGGRESSIVE;
				CLANG_WARN_UNREACHABLE_CODE = YES;
				CLANG_WARN__DUPLICATE_METHOD_MATCH = YES;
				COPY_PHASE_STRIP = NO;
				DEBUG_INFORMATION_FORMAT = dwarf;
				ENABLE_STRICT_OBJC_MSGSEND = YES;
				ENABLE_TESTABILITY = YES;
				GCC_C_LANGUAGE_STANDARD = gnu11;
				GCC_DYNAMIC_NO_PIC = NO;
				GCC_NO_COMMON_BLOCKS = YES;
				GCC_OPTIMIZATION_LEVEL = 0;
				GCC_PREPROCESSOR_DEFINITIONS = (
					"DEBUG=1",
					"$(inherited)",
				);
				GCC_WARN_64_TO_32_BIT_CONVERSION = YES;
				GCC_WARN_ABOUT_RETURN_TYPE = YES_ERROR;
				GCC_WARN_UNDECLARED_SELECTOR = YES;
				GCC_WARN_UNINITIALIZED_AUTOS = YES_AGGRESSIVE;
				GCC_WARN_UNUSED_FUNCTION = YES;
				GCC_WARN_UNUSED_VARIABLE = YES;
				MTL_ENABLE_DEBUG_INFO = INCLUDE_SOURCE;
				MTL_FAST_MATH = YES;
				ONLY_ACTIVE_ARCH = YES;
				SWIFT_ACTIVE_COMPILATION_CONDITIONS = DEBUG;
				SWIFT_OPTIMIZATION_LEVEL = "-Onone";
			};
			name = Debug;
		};
		3E7790852AB72B0300B1972E /* Release */ = {
			isa = XCBuildConfiguration;
			buildSettings = {
				ALWAYS_SEARCH_USER_PATHS = NO;
				CLANG_ANALYZER_NONNULL = YES;
				CLANG_ANALYZER_NUMBER_OBJECT_CONVERSION = YES_AGGRESSIVE;
				CLANG_CXX_LANGUAGE_STANDARD = "gnu++20";
				CLANG_ENABLE_MODULES = YES;
				CLANG_ENABLE_OBJC_ARC = YES;
				CLANG_ENABLE_OBJC_WEAK = YES;
				CLANG_WARN_BLOCK_CAPTURE_AUTORELEASING = YES;
				CLANG_WARN_BOOL_CONVERSION = YES;
				CLANG_WARN_COMMA = YES;
				CLANG_WARN_CONSTANT_CONVERSION = YES;
				CLANG_WARN_DEPRECATED_OBJC_IMPLEMENTATIONS = YES;
				CLANG_WARN_DIRECT_OBJC_ISA_USAGE = YES_ERROR;
				CLANG_WARN_DOCUMENTATION_COMMENTS = YES;
				CLANG_WARN_EMPTY_BODY = YES;
				CLANG_WARN_ENUM_CONVERSION = YES;
				CLANG_WARN_INFINITE_RECURSION = YES;
				CLANG_WARN_INT_CONVERSION = YES;
				CLANG_WARN_NON_LITERAL_NULL_CONVERSION = YES;
				CLANG_WARN_OBJC_IMPLICIT_RETAIN_SELF = YES;
				CLANG_WARN_OBJC_LITERAL_CONVERSION = YES;
				CLANG_WARN_OBJC_ROOT_CLASS = YES_ERROR;
				CLANG_WARN_QUOTED_INCLUDE_IN_FRAMEWORK_HEADER = YES;
				CLANG_WARN_RANGE_LOOP_ANALYSIS = YES;
				CLANG_WARN_STRICT_PROTOTYPES = YES;
				CLANG_WARN_SUSPICIOUS_MOVE = YES;
				CLANG_WARN_UNGUARDED_AVAILABILITY = YES_AGGRESSIVE;
				CLANG_WARN_UNREACHABLE_CODE = YES;
				CLANG_WARN__DUPLICATE_METHOD_MATCH = YES;
				COPY_PHASE_STRIP = NO;
				DEBUG_INFORMATION_FORMAT = "dwarf-with-dsym";
				ENABLE_NS_ASSERTIONS = NO;
				ENABLE_STRICT_OBJC_MSGSEND = YES;
				GCC_C_LANGUAGE_STANDARD = gnu11;
				GCC_NO_COMMON_BLOCKS = YES;
				GCC_WARN_64_TO_32_BIT_CONVERSION = YES;
				GCC_WARN_ABOUT_RETURN_TYPE = YES_ERROR;
				GCC_WARN_UNDECLARED_SELECTOR = YES;
				GCC_WARN_UNINITIALIZED_AUTOS = YES_AGGRESSIVE;
				GCC_WARN_UNUSED_FUNCTION = YES;
				GCC_WARN_UNUSED_VARIABLE = YES;
				MTL_ENABLE_DEBUG_INFO = NO;
				MTL_FAST_MATH = YES;
				SWIFT_COMPILATION_MODE = wholemodule;
				SWIFT_OPTIMIZATION_LEVEL = "-O";
			};
			name = Release;
		};
		3E7790872AB72B0300B1972E /* Debug */ = {
			isa = XCBuildConfiguration;
			buildSettings = {
				ASSETCATALOG_COMPILER_APPICON_NAME = AppIcon;
				ASSETCATALOG_COMPILER_GLOBAL_ACCENT_COLOR_NAME = AccentColor;
				CODE_SIGN_ENTITLEMENTS = "Executive TImer/Executive_TImer.entitlements";
				CODE_SIGN_STYLE = Automatic;
				CURRENT_PROJECT_VERSION = 1;
				DEVELOPMENT_ASSET_PATHS = "\"Executive TImer/Preview Content\"";
				DEVELOPMENT_TEAM = LVGY9K6294;
				ENABLE_HARDENED_RUNTIME = YES;
				ENABLE_PREVIEWS = YES;
				GENERATE_INFOPLIST_FILE = YES;
				"INFOPLIST_KEY_UIApplicationSceneManifest_Generation[sdk=iphoneos*]" = YES;
				"INFOPLIST_KEY_UIApplicationSceneManifest_Generation[sdk=iphonesimulator*]" = YES;
				"INFOPLIST_KEY_UIApplicationSupportsIndirectInputEvents[sdk=iphoneos*]" = YES;
				"INFOPLIST_KEY_UIApplicationSupportsIndirectInputEvents[sdk=iphonesimulator*]" = YES;
				"INFOPLIST_KEY_UILaunchScreen_Generation[sdk=iphoneos*]" = YES;
				"INFOPLIST_KEY_UILaunchScreen_Generation[sdk=iphonesimulator*]" = YES;
				"INFOPLIST_KEY_UIStatusBarStyle[sdk=iphoneos*]" = UIStatusBarStyleDefault;
				"INFOPLIST_KEY_UIStatusBarStyle[sdk=iphonesimulator*]" = UIStatusBarStyleDefault;
				INFOPLIST_KEY_UISupportedInterfaceOrientations_iPad = "UIInterfaceOrientationPortrait UIInterfaceOrientationPortraitUpsideDown UIInterfaceOrientationLandscapeLeft UIInterfaceOrientationLandscapeRight";
				INFOPLIST_KEY_UISupportedInterfaceOrientations_iPhone = "UIInterfaceOrientationPortrait UIInterfaceOrientationLandscapeLeft UIInterfaceOrientationLandscapeRight";
				IPHONEOS_DEPLOYMENT_TARGET = 16.4;
				LD_RUNPATH_SEARCH_PATHS = "@executable_path/Frameworks";
				"LD_RUNPATH_SEARCH_PATHS[sdk=macosx*]" = "@executable_path/../Frameworks";
				MACOSX_DEPLOYMENT_TARGET = 13.3;
				MARKETING_VERSION = 1.0;
				PRODUCT_BUNDLE_IDENTIFIER = "github.com-dockhardman.Executive-TImer";
				PRODUCT_NAME = "$(TARGET_NAME)";
				SDKROOT = auto;
				SUPPORTED_PLATFORMS = "iphoneos iphonesimulator macosx";
				SWIFT_EMIT_LOC_STRINGS = YES;
				SWIFT_VERSION = 5.0;
				TARGETED_DEVICE_FAMILY = "1,2";
			};
			name = Debug;
		};
		3E7790882AB72B0300B1972E /* Release */ = {
			isa = XCBuildConfiguration;
			buildSettings = {
				ASSETCATALOG_COMPILER_APPICON_NAME = AppIcon;
				ASSETCATALOG_COMPILER_GLOBAL_ACCENT_COLOR_NAME = AccentColor;
				CODE_SIGN_ENTITLEMENTS = "Executive TImer/Executive_TImer.entitlements";
				CODE_SIGN_STYLE = Automatic;
				CURRENT_PROJECT_VERSION = 1;
				DEVELOPMENT_ASSET_PATHS = "\"Executive TImer/Preview Content\"";
				DEVELOPMENT_TEAM = LVGY9K6294;
				ENABLE_HARDENED_RUNTIME = YES;
				ENABLE_PREVIEWS = YES;
				GENERATE_INFOPLIST_FILE = YES;
				"INFOPLIST_KEY_UIApplicationSceneManifest_Generation[sdk=iphoneos*]" = YES;
				"INFOPLIST_KEY_UIApplicationSceneManifest_Generation[sdk=iphonesimulator*]" = YES;
				"INFOPLIST_KEY_UIApplicationSupportsIndirectInputEvents[sdk=iphoneos*]" = YES;
				"INFOPLIST_KEY_UIApplicationSupportsIndirectInputEvents[sdk=iphonesimulator*]" = YES;
				"INFOPLIST_KEY_UILaunchScreen_Generation[sdk=iphoneos*]" = YES;
				"INFOPLIST_KEY_UILaunchScreen_Generation[sdk=iphonesimulator*]" = YES;
				"INFOPLIST_KEY_UIStatusBarStyle[sdk=iphoneos*]" = UIStatusBarStyleDefault;
				"INFOPLIST_KEY_UIStatusBarStyle[sdk=iphonesimulator*]" = UIStatusBarStyleDefault;
				INFOPLIST_KEY_UISupportedInterfaceOrientations_iPad = "UIInterfaceOrientationPortrait UIInterfaceOrientationPortraitUpsideDown UIInterfaceOrientationLandscapeLeft UIInterfaceOrientationLandscapeRight";
				INFOPLIST_KEY_UISupportedInterfaceOrientations_iPhone = "UIInterfaceOrientationPortrait UIInterfaceOrientationLandscapeLeft UIInterfaceOrientationLandscapeRight";
				IPHONEOS_DEPLOYMENT_TARGET = 16.4;
				LD_RUNPATH_SEARCH_PATHS = "@executable_path/Frameworks";
				"LD_RUNPATH_SEARCH_PATHS[sdk=macosx*]" = "@executable_path/../Frameworks";
				MACOSX_DEPLOYMENT_TARGET = 13.3;
				MARKETING_VERSION = 1.0;
				PRODUCT_BUNDLE_IDENTIFIER = "github.com-dockhardman.Executive-TImer";
				PRODUCT_NAME = "$(TARGET_NAME)";
				SDKROOT = auto;
				SUPPORTED_PLATFORMS = "iphoneos iphonesimulator macosx";
				SWIFT_EMIT_LOC_STRINGS = YES;
				SWIFT_VERSION = 5.0;
				TARGETED_DEVICE_FAMILY = "1,2";
			};
			name = Release;
		};
		3E77908A2AB72B0300B1972E /* Debug */ = {
			isa = XCBuildConfiguration;
			buildSettings = {
				ALWAYS_EMBED_SWIFT_STANDARD_LIBRARIES = YES;
				BUNDLE_LOADER = "$(TEST_HOST)";
				CODE_SIGN_STYLE = Automatic;
				CURRENT_PROJECT_VERSION = 1;
				DEVELOPMENT_TEAM = LVGY9K6294;
				GENERATE_INFOPLIST_FILE = YES;
				IPHONEOS_DEPLOYMENT_TARGET = 16.4;
				MACOSX_DEPLOYMENT_TARGET = 13.3;
				MARKETING_VERSION = 1.0;
				PRODUCT_BUNDLE_IDENTIFIER = "github.com-dockhardman.Executive-TImerTests";
				PRODUCT_NAME = "$(TARGET_NAME)";
				SDKROOT = auto;
				SUPPORTED_PLATFORMS = "iphoneos iphonesimulator macosx";
				SWIFT_EMIT_LOC_STRINGS = NO;
				SWIFT_VERSION = 5.0;
				TARGETED_DEVICE_FAMILY = "1,2";
				TEST_HOST = "$(BUILT_PRODUCTS_DIR)/Executive TImer.app/$(BUNDLE_EXECUTABLE_FOLDER_PATH)/Executive TImer";
			};
			name = Debug;
		};
		3E77908B2AB72B0300B1972E /* Release */ = {
			isa = XCBuildConfiguration;
			buildSettings = {
				ALWAYS_EMBED_SWIFT_STANDARD_LIBRARIES = YES;
				BUNDLE_LOADER = "$(TEST_HOST)";
				CODE_SIGN_STYLE = Automatic;
				CURRENT_PROJECT_VERSION = 1;
				DEVELOPMENT_TEAM = LVGY9K6294;
				GENERATE_INFOPLIST_FILE = YES;
				IPHONEOS_DEPLOYMENT_TARGET = 16.4;
				MACOSX_DEPLOYMENT_TARGET = 13.3;
				MARKETING_VERSION = 1.0;
				PRODUCT_BUNDLE_IDENTIFIER = "github.com-dockhardman.Executive-TImerTests";
				PRODUCT_NAME = "$(TARGET_NAME)";
				SDKROOT = auto;
				SUPPORTED_PLATFORMS = "iphoneos iphonesimulator macosx";
				SWIFT_EMIT_LOC_STRINGS = NO;
				SWIFT_VERSION = 5.0;
				TARGETED_DEVICE_FAMILY = "1,2";
				TEST_HOST = "$(BUILT_PRODUCTS_DIR)/Executive TImer.app/$(BUNDLE_EXECUTABLE_FOLDER_PATH)/Executive TImer";
			};
			name = Release;
		};
		3E77908D2AB72B0300B1972E /* Debug */ = {
			isa = XCBuildConfiguration;
			buildSettings = {
				ALWAYS_EMBED_SWIFT_STANDARD_LIBRARIES = YES;
				CODE_SIGN_STYLE = Automatic;
				CURRENT_PROJECT_VERSION = 1;
				DEVELOPMENT_TEAM = LVGY9K6294;
				GENERATE_INFOPLIST_FILE = YES;
				IPHONEOS_DEPLOYMENT_TARGET = 16.4;
				MACOSX_DEPLOYMENT_TARGET = 13.3;
				MARKETING_VERSION = 1.0;
				PRODUCT_BUNDLE_IDENTIFIER = "github.com-dockhardman.Executive-TImerUITests";
				PRODUCT_NAME = "$(TARGET_NAME)";
				SDKROOT = auto;
				SUPPORTED_PLATFORMS = "iphoneos iphonesimulator macosx";
				SWIFT_EMIT_LOC_STRINGS = NO;
				SWIFT_VERSION = 5.0;
				TARGETED_DEVICE_FAMILY = "1,2";
				TEST_TARGET_NAME = "Executive TImer";
			};
			name = Debug;
		};
		3E77908E2AB72B0300B1972E /* Release */ = {
			isa = XCBuildConfiguration;
			buildSettings = {
				ALWAYS_EMBED_SWIFT_STANDARD_LIBRARIES = YES;
				CODE_SIGN_STYLE = Automatic;
				CURRENT_PROJECT_VERSION = 1;
				DEVELOPMENT_TEAM = LVGY9K6294;
				GENERATE_INFOPLIST_FILE = YES;
				IPHONEOS_DEPLOYMENT_TARGET = 16.4;
				MACOSX_DEPLOYMENT_TARGET = 13.3;
				MARKETING_VERSION = 1.0;
				PRODUCT_BUNDLE_IDENTIFIER = "github.com-dockhardman.Executive-TImerUITests";
				PRODUCT_NAME = "$(TARGET_NAME)";
				SDKROOT = auto;
				SUPPORTED_PLATFORMS = "iphoneos iphonesimulator macosx";
				SWIFT_EMIT_LOC_STRINGS = NO;
				SWIFT_VERSION = 5.0;
				TARGETED_DEVICE_FAMILY = "1,2";
				TEST_TARGET_NAME = "Executive TImer";
			};
			name = Release;
		};
/* End XCBuildConfiguration section */

/* Begin XCConfigurationList section */
		3E77905C2AB72B0200B1972E /* Build configuration list for PBXProject "Executive TImer" */ = {
			isa = XCConfigurationList;
			buildConfigurations = (
				3E7790842AB72B0300B1972E /* Debug */,
				3E7790852AB72B0300B1972E /* Release */,
			);
			defaultConfigurationIsVisible = 0;
			defaultConfigurationName = Release;
		};
		3E7790862AB72B0300B1972E /* Build configuration list for PBXNativeTarget "Executive TImer" */ = {
			isa = XCConfigurationList;
			buildConfigurations = (
				3E7790872AB72B0300B1972E /* Debug */,
				3E7790882AB72B0300B1972E /* Release */,
			);
			defaultConfigurationIsVisible = 0;
			defaultConfigurationName = Release;
		};
		3E7790892AB72B0300B1972E /* Build configuration list for PBXNativeTarget "Executive TImerTests" */ = {
			isa = XCConfigurationList;
			buildConfigurations = (
				3E77908A2AB72B0300B1972E /* Debug */,
				3E77908B2AB72B0300B1972E /* Release */,
			);
			defaultConfigurationIsVisible = 0;
			defaultConfigurationName = Release;
		};
		3E77908C2AB72B0300B1972E /* Build configuration list for PBXNativeTarget "Executive TImerUITests" */ = {
			isa = XCConfigurationList;
			buildConfigurations = (
				3E77908D2AB72B0300B1972E /* Debug */,
				3E77908E2AB72B0300B1972E /* Release */,
			);
			defaultConfigurationIsVisible = 0;
			defaultConfigurationName = Release;
		};
/* End XCConfigurationList section */
	};
	rootObject = 3E7790592AB72B0200B1972E /* Project object */;
}
